// !$*UTF8*$!
{
	archiveVersion = 1;
	classes = {
	};
	objectVersion = 48;
	objects = {

/* Begin PBXBuildFile section */
		B03456092068EDD000495035 /* AppDelegate.m in Sources */ = {isa = PBXBuildFile; fileRef = B03456082068EDD000495035 /* AppDelegate.m */; };
		B034560C2068EDD000495035 /* ViewController.m in Sources */ = {isa = PBXBuildFile; fileRef = B034560B2068EDD000495035 /* ViewController.m */; };
		B034560F2068EDD000495035 /* Main.storyboard in Resources */ = {isa = PBXBuildFile; fileRef = B034560D2068EDD000495035 /* Main.storyboard */; };
		B03456112068EDD000495035 /* Assets.xcassets in Resources */ = {isa = PBXBuildFile; fileRef = B03456102068EDD000495035 /* Assets.xcassets */; };
		B03456142068EDD000495035 /* LaunchScreen.storyboard in Resources */ = {isa = PBXBuildFile; fileRef = B03456122068EDD000495035 /* LaunchScreen.storyboard */; };
		B03456172068EDD000495035 /* main.m in Sources */ = {isa = PBXBuildFile; fileRef = B03456162068EDD000495035 /* main.m */; };
		B034561F2068EDEE00495035 /* SWPieChat.m in Sources */ = {isa = PBXBuildFile; fileRef = B034561E2068EDEE00495035 /* SWPieChat.m */; };
/* End PBXBuildFile section */

/* Begin PBXFileReference section */
		B03456042068EDD000495035 /* CoolPicChat.app */ = {isa = PBXFileReference; explicitFileType = wrapper.application; includeInIndex = 0; path = CoolPicChat.app; sourceTree = BUILT_PRODUCTS_DIR; };
		B03456072068EDD000495035 /* AppDelegate.h */ = {isa = PBXFileReference; lastKnownFileType = sourcecode.c.h; path = AppDelegate.h; sourceTree = "<group>"; };
		B03456082068EDD000495035 /* AppDelegate.m */ = {isa = PBXFileReference; lastKnownFileType = sourcecode.c.objc; path = AppDelegate.m; sourceTree = "<group>"; };
		B034560A2068EDD000495035 /* ViewController.h */ = {isa = PBXFileReference; lastKnownFileType = sourcecode.c.h; path = ViewController.h; sourceTree = "<group>"; };
		B034560B2068EDD000495035 /* ViewController.m */ = {isa = PBXFileReference; lastKnownFileType = sourcecode.c.objc; path = ViewController.m; sourceTree = "<group>"; };
		B034560E2068EDD000495035 /* Base */ = {isa = PBXFileReference; lastKnownFileType = file.storyboard; name = Base; path = Base.lproj/Main.storyboard; sourceTree = "<group>"; };
		B03456102068EDD000495035 /* Assets.xcassets */ = {isa = PBXFileReference; lastKnownFileType = folder.assetcatalog; path = Assets.xcassets; sourceTree = "<group>"; };
		B03456132068EDD000495035 /* Base */ = {isa = PBXFileReference; lastKnownFileType = file.storyboard; name = Base; path = Base.lproj/LaunchScreen.storyboard; sourceTree = "<group>"; };
		B03456152068EDD000495035 /* Info.plist */ = {isa = PBXFileReference; lastKnownFileType = text.plist.xml; path = Info.plist; sourceTree = "<group>"; };
		B03456162068EDD000495035 /* main.m */ = {isa = PBXFileReference; lastKnownFileType = sourcecode.c.objc; path = main.m; sourceTree = "<group>"; };
		B034561D2068EDEE00495035 /* SWPieChat.h */ = {isa = PBXFileReference; lastKnownFileType = sourcecode.c.h; path = SWPieChat.h; sourceTree = "<group>"; };
		B034561E2068EDEE00495035 /* SWPieChat.m */ = {isa = PBXFileReference; lastKnownFileType = sourcecode.c.objc; path = SWPieChat.m; sourceTree = "<group>"; };
/* End PBXFileReference section */

/* Begin PBXFrameworksBuildPhase section */
		B03456012068EDD000495035 /* Frameworks */ = {
			isa = PBXFrameworksBuildPhase;
			buildActionMask = 2147483647;
			files = (
			);
			runOnlyForDeploymentPostprocessing = 0;
		};
/* End PBXFrameworksBuildPhase section */

/* Begin PBXGroup section */
		B03455FB2068EDD000495035 = {
			isa = PBXGroup;
			children = (
				B03456062068EDD000495035 /* CoolPicChat */,
				B03456052068EDD000495035 /* Products */,
			);
			sourceTree = "<group>";
		};
		B03456052068EDD000495035 /* Products */ = {
			isa = PBXGroup;
			children = (
				B03456042068EDD000495035 /* CoolPicChat.app */,
			);
			name = Products;
			sourceTree = "<group>";
		};
		B03456062068EDD000495035 /* CoolPicChat */ = {
			isa = PBXGroup;
			children = (
				B03456072068EDD000495035 /* AppDelegate.h */,
				B03456082068EDD000495035 /* AppDelegate.m */,
				B034560A2068EDD000495035 /* ViewController.h */,
				B034560B2068EDD000495035 /* ViewController.m */,
				B034560D2068EDD000495035 /* Main.storyboard */,
				B03456102068EDD000495035 /* Assets.xcassets */,
				B03456122068EDD000495035 /* LaunchScreen.storyboard */,
				B03456152068EDD000495035 /* Info.plist */,
				B03456162068EDD000495035 /* main.m */,
				B034561D2068EDEE00495035 /* SWPieChat.h */,
				B034561E2068EDEE00495035 /* SWPieChat.m */,
			);
			path = CoolPicChat;
			sourceTree = "<group>";
		};
/* End PBXGroup section */

/* Begin PBXNativeTarget section */
		B03456032068EDD000495035 /* CoolPicChat */ = {
			isa = PBXNativeTarget;
			buildConfigurationList = B034561A2068EDD000495035 /* Build configuration list for PBXNativeTarget "CoolPicChat" */;
			buildPhases = (
				B03456002068EDD000495035 /* Sources */,
				B03456012068EDD000495035 /* Frameworks */,
				B03456022068EDD000495035 /* Resources */,
			);
			buildRules = (
			);
			dependencies = (
			);
			name = CoolPicChat;
			productName = CoolPicChat;
			productReference = B03456042068EDD000495035 /* CoolPicChat.app */;
			productType = "com.apple.product-type.application";
		};
/* End PBXNativeTarget section */

/* Begin PBXProject section */
		B03455FC2068EDD000495035 /* Project object */ = {
			isa = PBXProject;
			attributes = {
				CLASSPREFIX = SW;
				LastUpgradeCheck = 0920;
				ORGANIZATIONNAME = nxrmc;
				TargetAttributes = {
					B03456032068EDD000495035 = {
						CreatedOnToolsVersion = 9.2;
						ProvisioningStyle = Automatic;
					};
				};
			};
			buildConfigurationList = B03455FF2068EDD000495035 /* Build configuration list for PBXProject "CoolPicChat" */;
			compatibilityVersion = "Xcode 8.0";
			developmentRegion = en;
			hasScannedForEncodings = 0;
			knownRegions = (
				en,
				Base,
			);
			mainGroup = B03455FB2068EDD000495035;
			productRefGroup = B03456052068EDD000495035 /* Products */;
			projectDirPath = "";
			projectRoot = "";
			targets = (
				B03456032068EDD000495035 /* CoolPicChat */,
			);
		};
/* End PBXProject section */

/* Begin PBXResourcesBuildPhase section */
		B03456022068EDD000495035 /* Resources */ = {
			isa = PBXResourcesBuildPhase;
			buildActionMask = 2147483647;
			files = (
				B03456142068EDD000495035 /* LaunchScreen.storyboard in Resources */,
				B03456112068EDD000495035 /* Assets.xcassets in Resources */,
				B034560F2068EDD000495035 /* Main.storyboard in Resources */,
			);
			runOnlyForDeploymentPostprocessing = 0;
		};
/* End PBXResourcesBuildPhase section */

/* Begin PBXSourcesBuildPhase section */
		B03456002068EDD000495035 /* Sources */ = {
			isa = PBXSourcesBuildPhase;
			buildActionMask = 2147483647;
			files = (
				B034560C2068EDD000495035 /* ViewController.m in Sources */,
				B03456172068EDD000495035 /* main.m in Sources */,
				B034561F2068EDEE00495035 /* SWPieChat.m in Sources */,
				B03456092068EDD000495035 /* AppDelegate.m in Sources */,
			);
			runOnlyForDeploymentPostprocessing = 0;
		};
/* End PBXSourcesBuildPhase section */

/* Begin PBXVariantGroup section */
		B034560D2068EDD000495035 /* Main.storyboard */ = {
			isa = PBXVariantGroup;
			children = (
				B034560E2068EDD000495035 /* Base */,
			);
			name = Main.storyboard;
			sourceTree = "<group>";
		};
		B03456122068EDD000495035 /* LaunchScreen.storyboard */ = {
			isa = PBXVariantGroup;
			children = (
				B03456132068EDD000495035 /* Base */,
			);
			name = LaunchScreen.storyboard;
			sourceTree = "<group>";
		};
/* End PBXVariantGroup section */

/* Begin XCBuildConfiguration section */
		B03456182068EDD000495035 /* Debug */ = {
			isa = XCBuildConfiguration;
			buildSettings = {
				ALWAYS_SEARCH_USER_PATHS = NO;
				CLANG_ANALYZER_NONNULL = YES;
				CLANG_ANALYZER_NUMBER_OBJECT_CONVERSION = YES_AGGRESSIVE;
				CLANG_CXX_LANGUAGE_STANDARD = "gnu++14";
				CLANG_CXX_LIBRARY = "libc++";
				CLANG_ENABLE_MODULES = YES;
				CLANG_ENABLE_OBJC_ARC = YES;
				CLANG_WARN_BLOCK_CAPTURE_AUTORELEASING = YES;
				CLANG_WARN_BOOL_CONVERSION = YES;
				CLANG_WARN_COMMA = YES;
				CLANG_WARN_CONSTANT_CONVERSION = YES;
				CLANG_WARN_DIRECT_OBJC_ISA_USAGE = YES_ERROR;
				CLANG_WARN_DOCUMENTATION_COMMENTS = YES;
				CLANG_WARN_EMPTY_BODY = YES;
				CLANG_WARN_ENUM_CONVERSION = YES;
				CLANG_WARN_INFINITE_RECURSION = YES;
				CLANG_WARN_INT_CONVERSION = YES;
				CLANG_WARN_NON_LITERAL_NULL_CONVERSION = YES;
				CLANG_WARN_OBJC_LITERAL_CONVERSION = YES;
				CLANG_WARN_OBJC_ROOT_CLASS = YES_ERROR;
				CLANG_WARN_RANGE_LOOP_ANALYSIS = YES;
				CLANG_WARN_STRICT_PROTOTYPES = YES;
				CLANG_WARN_SUSPICIOUS_MOVE = YES;
				CLANG_WARN_UNGUARDED_AVAILABILITY = YES_AGGRESSIVE;
				CLANG_WARN_UNREACHABLE_CODE = YES;
				CLANG_WARN__DUPLICATE_METHOD_MATCH = YES;
				CODE_SIGN_IDENTITY = "iPhone Developer";
				COPY_PHASE_STRIP = NO;
				DEBUG_INFORMATION_FORMAT = dwarf;
				ENABLE_STRICT_OBJC_MSGSEND = YES;
				ENABLE_TESTABILITY = YES;
				GCC_C_LANGUAGE_STANDARD = gnu11;
				GCC_DYNAMIC_NO_PIC = NO;
				GCC_NO_COMMON_BLOCKS = YES;
				GCC_OPTIMIZATION_LEVEL = 0;
				GCC_PREPROCESSOR_DEFINITIONS = (
					"DEBUG=1",
					"$(inherited)",
				);
				GCC_WARN_64_TO_32_BIT_CONVERSION = YES;
				GCC_WARN_ABOUT_RETURN_TYPE = YES_ERROR;
				GCC_WARN_UNDECLARED_SELECTOR = YES;
				GCC_WARN_UNINITIALIZED_AUTOS = YES_AGGRESSIVE;
				GCC_WARN_UNUSED_FUNCTION = YES;
				GCC_WARN_UNUSED_VARIABLE = YES;
				IPHONEOS_DEPLOYMENT_TARGET = 11.2;
				MTL_ENABLE_DEBUG_INFO = YES;
				ONLY_ACTIVE_ARCH = YES;
				SDKROOT = iphoneos;
			};
			name = Debug;
		};
		B03456192068EDD000495035 /* Release */ = {
			isa = XCBuildConfiguration;
			buildSettings = {
				ALWAYS_SEARCH_USER_PATHS = NO;
				CLANG_ANALYZER_NONNULL = YES;
				CLANG_ANALYZER_NUMBER_OBJECT_CONVERSION = YES_AGGRESSIVE;
				CLANG_CXX_LANGUAGE_STANDARD = "gnu++14";
				CLANG_CXX_LIBRARY = "libc++";
				CLANG_ENABLE_MODULES = YES;
				CLANG_ENABLE_OBJC_ARC = YES;
				CLANG_WARN_BLOCK_CAPTURE_AUTORELEASING = YES;
				CLANG_WARN_BOOL_CONVERSION = YES;
				CLANG_WARN_COMMA = YES;
				CLANG_WARN_CONSTANT_CONVERSION = YES;
				CLANG_WARN_DIRECT_OBJC_ISA_USAGE = YES_ERROR;
				CLANG_WARN_DOCUMENTATION_COMMENTS = YES;
				CLANG_WARN_EMPTY_BODY = YES;
				CLANG_WARN_ENUM_CONVERSION = YES;
				CLANG_WARN_INFINITE_RECURSION = YES;
				CLANG_WARN_INT_CONVERSION = YES;
				CLANG_WARN_NON_LITERAL_NULL_CONVERSION = YES;
				CLANG_WARN_OBJC_LITERAL_CONVERSION = YES;
				CLANG_WARN_OBJC_ROOT_CLASS = YES_ERROR;
				CLANG_WARN_RANGE_LOOP_ANALYSIS = YES;
				CLANG_WARN_STRICT_PROTOTYPES = YES;
				CLANG_WARN_SUSPICIOUS_MOVE = YES;
				CLANG_WARN_UNGUARDED_AVAILABILITY = YES_AGGRESSIVE;
				CLANG_WARN_UNREACHABLE_CODE = YES;
				CLANG_WARN__DUPLICATE_METHOD_MATCH = YES;
				CODE_SIGN_IDENTITY = "iPhone Developer";
				COPY_PHASE_STRIP = NO;
				DEBUG_INFORMATION_FORMAT = "dwarf-with-dsym";
				ENABLE_NS_ASSERTIONS = NO;
				ENABLE_STRICT_OBJC_MSGSEND = YES;
				GCC_C_LANGUAGE_STANDARD = gnu11;
				GCC_NO_COMMON_BLOCKS = YES;
				GCC_WARN_64_TO_32_BIT_CONVERSION = YES;
				GCC_WARN_ABOUT_RETURN_TYPE = YES_ERROR;
				GCC_WARN_UNDECLARED_SELECTOR = YES;
				GCC_WARN_UNINITIALIZED_AUTOS = YES_AGGRESSIVE;
				GCC_WARN_UNUSED_FUNCTION = YES;
				GCC_WARN_UNUSED_VARIABLE = YES;
				IPHONEOS_DEPLOYMENT_TARGET = 11.2;
				MTL_ENABLE_DEBUG_INFO = NO;
				SDKROOT = iphoneos;
				VALIDATE_PRODUCT = YES;
			};
			name = Release;
		};
		B034561B2068EDD000495035 /* Debug */ = {
			isa = XCBuildConfiguration;
			buildSettings = {
				ASSETCATALOG_COMPILER_APPICON_NAME = AppIcon;
				CODE_SIGN_STYLE = Automatic;
				DEVELOPMENT_TEAM = 3F6YQ3PC52;
				INFOPLIST_FILE = CoolPicChat/Info.plist;
				IPHONEOS_DEPLOYMENT_TARGET = 10.0;
				LD_RUNPATH_SEARCH_PATHS = "$(inherited) @executable_path/Frameworks";
				PRODUCT_BUNDLE_IDENTIFIER = com.nxrmc.CoolPicChat;
				PRODUCT_NAME = "$(TARGET_NAME)";
				TARGETED_DEVICE_FAMILY = "1,2";
			};
			name = Debug;
		};
		B034561C2068EDD000495035 /* Release */ = {
			isa = XCBuildConfiguration;
			buildSettings = {
				ASSETCATALOG_COMPILER_APPICON_NAME = AppIcon;
				CODE_SIGN_STYLE = Automatic;
				DEVELOPMENT_TEAM = 3F6YQ3PC52;
				INFOPLIST_FILE = CoolPicChat/Info.plist;
				IPHONEOS_DEPLOYMENT_TARGET = 10.0;
				LD_RUNPATH_SEARCH_PATHS = "$(inherited) @executable_path/Frameworks";
				PRODUCT_BUNDLE_IDENTIFIER = com.nxrmc.CoolPicChat;
				PRODUCT_NAME = "$(TARGET_NAME)";
				TARGETED_DEVICE_FAMILY = "1,2";
			};
			name = Release;
		};
/* End XCBuildConfiguration section */

/* Begin XCConfigurationList section */
		B03455FF2068EDD000495035 /* Build configuration list for PBXProject "CoolPicChat" */ = {
			isa = XCConfigurationList;
			buildConfigurations = (
				B03456182068EDD000495035 /* Debug */,
				B03456192068EDD000495035 /* Release */,
			);
			defaultConfigurationIsVisible = 0;
			defaultConfigurationName = Release;
		};
		B034561A2068EDD000495035 /* Build configuration list for PBXNativeTarget "CoolPicChat" */ = {
			isa = XCConfigurationList;
			buildConfigurations = (
				B034561B2068EDD000495035 /* Debug */,
				B034561C2068EDD000495035 /* Release */,
			);
			defaultConfigurationIsVisible = 0;
			defaultConfigurationName = Release;
		};
/* End XCConfigurationList section */
	};
	rootObject = B03455FC2068EDD000495035 /* Project object */;
}
